
Microsoft Visual Studio Solution File, Format Version 12.00
# Visual Studio Version 17
VisualStudioVersion = 17.5.002.0
MinimumVisualStudioVersion = 10.0.40219.1
Project("{9A19103F-16F7-4668-BE54-9A1E7A4F7556}") = "calisma2", "calisma2\calisma2.csproj", "{E2B258B1-8475-4AE6-A8CD-D6959EE760BC}"
EndProject
Global
	GlobalSection(SolutionConfigurationPlatforms) = preSolution
		Debug|Any CPU = Debug|Any CPU
		Release|Any CPU = Release|Any CPU
	EndGlobalSection
	GlobalSection(ProjectConfigurationPlatforms) = postSolution
		{E2B258B1-8475-4AE6-A8CD-D6959EE760BC}.Debug|Any CPU.ActiveCfg = Debug|Any CPU
		{E2B258B1-8475-4AE6-A8CD-D6959EE760BC}.Debug|Any CPU.Build.0 = Debug|Any CPU
		{E2B258B1-8475-4AE6-A8CD-D6959EE760BC}.Release|Any CPU.ActiveCfg = Release|Any CPU
		{E2B258B1-8475-4AE6-A8CD-D6959EE760BC}.Release|Any CPU.Build.0 = Release|Any CPU
	EndGlobalSection
	GlobalSection(SolutionProperties) = preSolution
		HideSolutionNode = FALSE
	EndGlobalSection
	GlobalSection(ExtensibilityGlobals) = postSolution
		SolutionGuid = {0A77AC44-1700-48B0-9699-9E500180A2FE}
	EndGlobalSection
EndGlobal
